// !$*UTF8*$!
{
	archiveVersion = 1;
	classes = {
	};
	objectVersion = 56;
	objects = {

/* Begin PBXBuildFile section */
		3185FE0F2A5DD583008D82B6 /* TabBarController.swift in Sources */ = {isa = PBXBuildFile; fileRef = 3185FE0E2A5DD583008D82B6 /* TabBarController.swift */; };
		3185FE132A5DD62C008D82B6 /* AboutYourselfViewController.swift in Sources */ = {isa = PBXBuildFile; fileRef = 3185FE122A5DD62C008D82B6 /* AboutYourselfViewController.swift */; };
		3185FE192A5DD691008D82B6 /* SearchViewController.swift in Sources */ = {isa = PBXBuildFile; fileRef = 3185FE182A5DD691008D82B6 /* SearchViewController.swift */; };
		3185FE1C2A5DD70B008D82B6 /* MediaViewController.swift in Sources */ = {isa = PBXBuildFile; fileRef = 3185FE1B2A5DD70B008D82B6 /* MediaViewController.swift */; };
		3185FE5C2A631E28008D82B6 /* Header.swift in Sources */ = {isa = PBXBuildFile; fileRef = 3185FE5B2A631E28008D82B6 /* Header.swift */; };
		31A29EA42A54951400AA9F43 /* AppDelegate.swift in Sources */ = {isa = PBXBuildFile; fileRef = 31A29EA32A54951400AA9F43 /* AppDelegate.swift */; };
		31A29EA62A54951400AA9F43 /* SceneDelegate.swift in Sources */ = {isa = PBXBuildFile; fileRef = 31A29EA52A54951400AA9F43 /* SceneDelegate.swift */; };
		31A29EA82A54951400AA9F43 /* AlbumsViewController.swift in Sources */ = {isa = PBXBuildFile; fileRef = 31A29EA72A54951400AA9F43 /* AlbumsViewController.swift */; };
		31A29EAD2A54951600AA9F43 /* Assets.xcassets in Resources */ = {isa = PBXBuildFile; fileRef = 31A29EAC2A54951600AA9F43 /* Assets.xcassets */; };
		31A29EB02A54951600AA9F43 /* LaunchScreen.storyboard in Resources */ = {isa = PBXBuildFile; fileRef = 31A29EAE2A54951600AA9F43 /* LaunchScreen.storyboard */; };
		31A29EC02A55FD9100AA9F43 /* ModelItem.swift in Sources */ = {isa = PBXBuildFile; fileRef = 31A29EBF2A55FD9100AA9F43 /* ModelItem.swift */; };
		31A29EC32A55FF9D00AA9F43 /* CellsWithPhoto.swift in Sources */ = {isa = PBXBuildFile; fileRef = 31A29EC22A55FF9D00AA9F43 /* CellsWithPhoto.swift */; };
		31A29EC72A55FFE300AA9F43 /* CellsNonePhoto.swift in Sources */ = {isa = PBXBuildFile; fileRef = 31A29EC62A55FFE300AA9F43 /* CellsNonePhoto.swift */; };
/* End PBXBuildFile section */

/* Begin PBXFileReference section */
		3185FE0E2A5DD583008D82B6 /* TabBarController.swift */ = {isa = PBXFileReference; lastKnownFileType = sourcecode.swift; path = TabBarController.swift; sourceTree = "<group>"; };
		3185FE122A5DD62C008D82B6 /* AboutYourselfViewController.swift */ = {isa = PBXFileReference; lastKnownFileType = sourcecode.swift; path = AboutYourselfViewController.swift; sourceTree = "<group>"; };
		3185FE182A5DD691008D82B6 /* SearchViewController.swift */ = {isa = PBXFileReference; lastKnownFileType = sourcecode.swift; path = SearchViewController.swift; sourceTree = "<group>"; };
		3185FE1B2A5DD70B008D82B6 /* MediaViewController.swift */ = {isa = PBXFileReference; lastKnownFileType = sourcecode.swift; path = MediaViewController.swift; sourceTree = "<group>"; };
		3185FE5B2A631E28008D82B6 /* Header.swift */ = {isa = PBXFileReference; lastKnownFileType = sourcecode.swift; path = Header.swift; sourceTree = "<group>"; };
		31A29EA02A54951400AA9F43 /* iOS10-HW14-AntonIsakov.app */ = {isa = PBXFileReference; explicitFileType = wrapper.application; includeInIndex = 0; path = "iOS10-HW14-AntonIsakov.app"; sourceTree = BUILT_PRODUCTS_DIR; };
		31A29EA32A54951400AA9F43 /* AppDelegate.swift */ = {isa = PBXFileReference; lastKnownFileType = sourcecode.swift; path = AppDelegate.swift; sourceTree = "<group>"; };
		31A29EA52A54951400AA9F43 /* SceneDelegate.swift */ = {isa = PBXFileReference; lastKnownFileType = sourcecode.swift; path = SceneDelegate.swift; sourceTree = "<group>"; };
		31A29EA72A54951400AA9F43 /* AlbumsViewController.swift */ = {isa = PBXFileReference; lastKnownFileType = sourcecode.swift; path = AlbumsViewController.swift; sourceTree = "<group>"; };
		31A29EAC2A54951600AA9F43 /* Assets.xcassets */ = {isa = PBXFileReference; lastKnownFileType = folder.assetcatalog; path = Assets.xcassets; sourceTree = "<group>"; };
		31A29EAF2A54951600AA9F43 /* Base */ = {isa = PBXFileReference; lastKnownFileType = file.storyboard; name = Base; path = Base.lproj/LaunchScreen.storyboard; sourceTree = "<group>"; };
		31A29EB12A54951600AA9F43 /* Info.plist */ = {isa = PBXFileReference; lastKnownFileType = text.plist.xml; path = Info.plist; sourceTree = "<group>"; };
		31A29EBF2A55FD9100AA9F43 /* ModelItem.swift */ = {isa = PBXFileReference; lastKnownFileType = sourcecode.swift; path = ModelItem.swift; sourceTree = "<group>"; };
		31A29EC22A55FF9D00AA9F43 /* CellsWithPhoto.swift */ = {isa = PBXFileReference; lastKnownFileType = sourcecode.swift; path = CellsWithPhoto.swift; sourceTree = "<group>"; };
		31A29EC62A55FFE300AA9F43 /* CellsNonePhoto.swift */ = {isa = PBXFileReference; lastKnownFileType = sourcecode.swift; path = CellsNonePhoto.swift; sourceTree = "<group>"; };
/* End PBXFileReference section */

/* Begin PBXFrameworksBuildPhase section */
		31A29E9D2A54951400AA9F43 /* Frameworks */ = {
			isa = PBXFrameworksBuildPhase;
			buildActionMask = 2147483647;
			files = (
			);
			runOnlyForDeploymentPostprocessing = 0;
		};
/* End PBXFrameworksBuildPhase section */

/* Begin PBXGroup section */
		3185FE1A2A5DD6B3008D82B6 /* ViewControllers */ = {
			isa = PBXGroup;
			children = (
				3185FE1B2A5DD70B008D82B6 /* MediaViewController.swift */,
				3185FE122A5DD62C008D82B6 /* AboutYourselfViewController.swift */,
				31A29EA72A54951400AA9F43 /* AlbumsViewController.swift */,
				3185FE182A5DD691008D82B6 /* SearchViewController.swift */,
			);
			path = ViewControllers;
			sourceTree = "<group>";
		};
		3185FE572A61DF01008D82B6 /* Headers */ = {
			isa = PBXGroup;
			children = (
				3185FE5B2A631E28008D82B6 /* Header.swift */,
			);
			path = Headers;
			sourceTree = "<group>";
		};
		31A29E972A54951400AA9F43 = {
			isa = PBXGroup;
			children = (
				31A29EA22A54951400AA9F43 /* iOS10-HW14-AntonIsakov */,
				31A29EA12A54951400AA9F43 /* Products */,
			);
			sourceTree = "<group>";
		};
		31A29EA12A54951400AA9F43 /* Products */ = {
			isa = PBXGroup;
			children = (
				31A29EA02A54951400AA9F43 /* iOS10-HW14-AntonIsakov.app */,
			);
			name = Products;
			sourceTree = "<group>";
		};
		31A29EA22A54951400AA9F43 /* iOS10-HW14-AntonIsakov */ = {
			isa = PBXGroup;
			children = (
				31A29EBC2A54968D00AA9F43 /* Sourses */,
				31A29EBB2A54967A00AA9F43 /* Resourses */,
			);
			path = "iOS10-HW14-AntonIsakov";
			sourceTree = "<group>";
		};
		31A29EBA2A54966F00AA9F43 /* App */ = {
			isa = PBXGroup;
			children = (
				31A29EA32A54951400AA9F43 /* AppDelegate.swift */,
				31A29EA52A54951400AA9F43 /* SceneDelegate.swift */,
			);
			path = App;
			sourceTree = "<group>";
		};
		31A29EBB2A54967A00AA9F43 /* Resourses */ = {
			isa = PBXGroup;
			children = (
				31A29EAC2A54951600AA9F43 /* Assets.xcassets */,
				31A29EAE2A54951600AA9F43 /* LaunchScreen.storyboard */,
				31A29EB12A54951600AA9F43 /* Info.plist */,
			);
			path = Resourses;
			sourceTree = "<group>";
		};
		31A29EBC2A54968D00AA9F43 /* Sourses */ = {
			isa = PBXGroup;
			children = (
				3185FE1A2A5DD6B3008D82B6 /* ViewControllers */,
				31A29ECA2A56002100AA9F43 /* Cells */,
				31A29EC12A55FF3200AA9F43 /* Model */,
				31A29EBA2A54966F00AA9F43 /* App */,
				3185FE0E2A5DD583008D82B6 /* TabBarController.swift */,
			);
			path = Sourses;
			sourceTree = "<group>";
		};
		31A29EC12A55FF3200AA9F43 /* Model */ = {
			isa = PBXGroup;
			children = (
				31A29EBF2A55FD9100AA9F43 /* ModelItem.swift */,
			);
			path = Model;
			sourceTree = "<group>";
		};
		31A29ECA2A56002100AA9F43 /* Cells */ = {
			isa = PBXGroup;
			children = (
				3185FE572A61DF01008D82B6 /* Headers */,
				31A29EC22A55FF9D00AA9F43 /* CellsWithPhoto.swift */,
				31A29EC62A55FFE300AA9F43 /* CellsNonePhoto.swift */,
			);
			path = Cells;
			sourceTree = "<group>";
		};
/* End PBXGroup section */

/* Begin PBXNativeTarget section */
		31A29E9F2A54951400AA9F43 /* iOS10-HW14-AntonIsakov */ = {
			isa = PBXNativeTarget;
			buildConfigurationList = 31A29EB42A54951600AA9F43 /* Build configuration list for PBXNativeTarget "iOS10-HW14-AntonIsakov" */;
			buildPhases = (
				31A29E9C2A54951400AA9F43 /* Sources */,
				31A29E9D2A54951400AA9F43 /* Frameworks */,
				31A29E9E2A54951400AA9F43 /* Resources */,
			);
			buildRules = (
			);
			dependencies = (
			);
			name = "iOS10-HW14-AntonIsakov";
			productName = "iOS10-HW14-AntonIsakov";
			productReference = 31A29EA02A54951400AA9F43 /* iOS10-HW14-AntonIsakov.app */;
			productType = "com.apple.product-type.application";
		};
/* End PBXNativeTarget section */

/* Begin PBXProject section */
		31A29E982A54951400AA9F43 /* Project object */ = {
			isa = PBXProject;
			attributes = {
				BuildIndependentTargetsInParallel = 1;
				LastSwiftUpdateCheck = 1430;
				LastUpgradeCheck = 1430;
				TargetAttributes = {
					31A29E9F2A54951400AA9F43 = {
						CreatedOnToolsVersion = 14.3.1;
					};
				};
			};
			buildConfigurationList = 31A29E9B2A54951400AA9F43 /* Build configuration list for PBXProject "iOS10-HW14-AntonIsakov" */;
			compatibilityVersion = "Xcode 14.0";
			developmentRegion = en;
			hasScannedForEncodings = 0;
			knownRegions = (
				en,
				Base,
			);
			mainGroup = 31A29E972A54951400AA9F43;
			productRefGroup = 31A29EA12A54951400AA9F43 /* Products */;
			projectDirPath = "";
			projectRoot = "";
			targets = (
				31A29E9F2A54951400AA9F43 /* iOS10-HW14-AntonIsakov */,
			);
		};
/* End PBXProject section */

/* Begin PBXResourcesBuildPhase section */
		31A29E9E2A54951400AA9F43 /* Resources */ = {
			isa = PBXResourcesBuildPhase;
			buildActionMask = 2147483647;
			files = (
				31A29EB02A54951600AA9F43 /* LaunchScreen.storyboard in Resources */,
				31A29EAD2A54951600AA9F43 /* Assets.xcassets in Resources */,
			);
			runOnlyForDeploymentPostprocessing = 0;
		};
/* End PBXResourcesBuildPhase section */

/* Begin PBXSourcesBuildPhase section */
		31A29E9C2A54951400AA9F43 /* Sources */ = {
			isa = PBXSourcesBuildPhase;
			buildActionMask = 2147483647;
			files = (
				31A29EA82A54951400AA9F43 /* AlbumsViewController.swift in Sources */,
				3185FE192A5DD691008D82B6 /* SearchViewController.swift in Sources */,
				31A29EC02A55FD9100AA9F43 /* ModelItem.swift in Sources */,
				3185FE132A5DD62C008D82B6 /* AboutYourselfViewController.swift in Sources */,
				3185FE0F2A5DD583008D82B6 /* TabBarController.swift in Sources */,
				31A29EC72A55FFE300AA9F43 /* CellsNonePhoto.swift in Sources */,
				3185FE5C2A631E28008D82B6 /* Header.swift in Sources */,
				31A29EA42A54951400AA9F43 /* AppDelegate.swift in Sources */,
				3185FE1C2A5DD70B008D82B6 /* MediaViewController.swift in Sources */,
				31A29EC32A55FF9D00AA9F43 /* CellsWithPhoto.swift in Sources */,
				31A29EA62A54951400AA9F43 /* SceneDelegate.swift in Sources */,
			);
			runOnlyForDeploymentPostprocessing = 0;
		};
/* End PBXSourcesBuildPhase section */

/* Begin PBXVariantGroup section */
		31A29EAE2A54951600AA9F43 /* LaunchScreen.storyboard */ = {
			isa = PBXVariantGroup;
			children = (
				31A29EAF2A54951600AA9F43 /* Base */,
			);
			name = LaunchScreen.storyboard;
			sourceTree = "<group>";
		};
/* End PBXVariantGroup section */

/* Begin XCBuildConfiguration section */
		31A29EB22A54951600AA9F43 /* Debug */ = {
			isa = XCBuildConfiguration;
			buildSettings = {
				ALWAYS_SEARCH_USER_PATHS = NO;
				CLANG_ANALYZER_NONNULL = YES;
				CLANG_ANALYZER_NUMBER_OBJECT_CONVERSION = YES_AGGRESSIVE;
				CLANG_CXX_LANGUAGE_STANDARD = "gnu++20";
				CLANG_ENABLE_MODULES = YES;
				CLANG_ENABLE_OBJC_ARC = YES;
				CLANG_ENABLE_OBJC_WEAK = YES;
				CLANG_WARN_BLOCK_CAPTURE_AUTORELEASING = YES;
				CLANG_WARN_BOOL_CONVERSION = YES;
				CLANG_WARN_COMMA = YES;
				CLANG_WARN_CONSTANT_CONVERSION = YES;
				CLANG_WARN_DEPRECATED_OBJC_IMPLEMENTATIONS = YES;
				CLANG_WARN_DIRECT_OBJC_ISA_USAGE = YES_ERROR;
				CLANG_WARN_DOCUMENTATION_COMMENTS = YES;
				CLANG_WARN_EMPTY_BODY = YES;
				CLANG_WARN_ENUM_CONVERSION = YES;
				CLANG_WARN_INFINITE_RECURSION = YES;
				CLANG_WARN_INT_CONVERSION = YES;
				CLANG_WARN_NON_LITERAL_NULL_CONVERSION = YES;
				CLANG_WARN_OBJC_IMPLICIT_RETAIN_SELF = YES;
				CLANG_WARN_OBJC_LITERAL_CONVERSION = YES;
				CLANG_WARN_OBJC_ROOT_CLASS = YES_ERROR;
				CLANG_WARN_QUOTED_INCLUDE_IN_FRAMEWORK_HEADER = YES;
				CLANG_WARN_RANGE_LOOP_ANALYSIS = YES;
				CLANG_WARN_STRICT_PROTOTYPES = YES;
				CLANG_WARN_SUSPICIOUS_MOVE = YES;
				CLANG_WARN_UNGUARDED_AVAILABILITY = YES_AGGRESSIVE;
				CLANG_WARN_UNREACHABLE_CODE = YES;
				CLANG_WARN__DUPLICATE_METHOD_MATCH = YES;
				COPY_PHASE_STRIP = NO;
				DEBUG_INFORMATION_FORMAT = dwarf;
				ENABLE_STRICT_OBJC_MSGSEND = YES;
				ENABLE_TESTABILITY = YES;
				GCC_C_LANGUAGE_STANDARD = gnu11;
				GCC_DYNAMIC_NO_PIC = NO;
				GCC_NO_COMMON_BLOCKS = YES;
				GCC_OPTIMIZATION_LEVEL = 0;
				GCC_PREPROCESSOR_DEFINITIONS = (
					"DEBUG=1",
					"$(inherited)",
				);
				GCC_WARN_64_TO_32_BIT_CONVERSION = YES;
				GCC_WARN_ABOUT_RETURN_TYPE = YES_ERROR;
				GCC_WARN_UNDECLARED_SELECTOR = YES;
				GCC_WARN_UNINITIALIZED_AUTOS = YES_AGGRESSIVE;
				GCC_WARN_UNUSED_FUNCTION = YES;
				GCC_WARN_UNUSED_VARIABLE = YES;
				IPHONEOS_DEPLOYMENT_TARGET = 16.4;
				MTL_ENABLE_DEBUG_INFO = INCLUDE_SOURCE;
				MTL_FAST_MATH = YES;
				ONLY_ACTIVE_ARCH = YES;
				SDKROOT = iphoneos;
				SWIFT_ACTIVE_COMPILATION_CONDITIONS = DEBUG;
				SWIFT_OPTIMIZATION_LEVEL = "-Onone";
			};
			name = Debug;
		};
		31A29EB32A54951600AA9F43 /* Release */ = {
			isa = XCBuildConfiguration;
			buildSettings = {
				ALWAYS_SEARCH_USER_PATHS = NO;
				CLANG_ANALYZER_NONNULL = YES;
				CLANG_ANALYZER_NUMBER_OBJECT_CONVERSION = YES_AGGRESSIVE;
				CLANG_CXX_LANGUAGE_STANDARD = "gnu++20";
				CLANG_ENABLE_MODULES = YES;
				CLANG_ENABLE_OBJC_ARC = YES;
				CLANG_ENABLE_OBJC_WEAK = YES;
				CLANG_WARN_BLOCK_CAPTURE_AUTORELEASING = YES;
				CLANG_WARN_BOOL_CONVERSION = YES;
				CLANG_WARN_COMMA = YES;
				CLANG_WARN_CONSTANT_CONVERSION = YES;
				CLANG_WARN_DEPRECATED_OBJC_IMPLEMENTATIONS = YES;
				CLANG_WARN_DIRECT_OBJC_ISA_USAGE = YES_ERROR;
				CLANG_WARN_DOCUMENTATION_COMMENTS = YES;
				CLANG_WARN_EMPTY_BODY = YES;
				CLANG_WARN_ENUM_CONVERSION = YES;
				CLANG_WARN_INFINITE_RECURSION = YES;
				CLANG_WARN_INT_CONVERSION = YES;
				CLANG_WARN_NON_LITERAL_NULL_CONVERSION = YES;
				CLANG_WARN_OBJC_IMPLICIT_RETAIN_SELF = YES;
				CLANG_WARN_OBJC_LITERAL_CONVERSION = YES;
				CLANG_WARN_OBJC_ROOT_CLASS = YES_ERROR;
				CLANG_WARN_QUOTED_INCLUDE_IN_FRAMEWORK_HEADER = YES;
				CLANG_WARN_RANGE_LOOP_ANALYSIS = YES;
				CLANG_WARN_STRICT_PROTOTYPES = YES;
				CLANG_WARN_SUSPICIOUS_MOVE = YES;
				CLANG_WARN_UNGUARDED_AVAILABILITY = YES_AGGRESSIVE;
				CLANG_WARN_UNREACHABLE_CODE = YES;
				CLANG_WARN__DUPLICATE_METHOD_MATCH = YES;
				COPY_PHASE_STRIP = NO;
				DEBUG_INFORMATION_FORMAT = "dwarf-with-dsym";
				ENABLE_NS_ASSERTIONS = NO;
				ENABLE_STRICT_OBJC_MSGSEND = YES;
				GCC_C_LANGUAGE_STANDARD = gnu11;
				GCC_NO_COMMON_BLOCKS = YES;
				GCC_WARN_64_TO_32_BIT_CONVERSION = YES;
				GCC_WARN_ABOUT_RETURN_TYPE = YES_ERROR;
				GCC_WARN_UNDECLARED_SELECTOR = YES;
				GCC_WARN_UNINITIALIZED_AUTOS = YES_AGGRESSIVE;
				GCC_WARN_UNUSED_FUNCTION = YES;
				GCC_WARN_UNUSED_VARIABLE = YES;
				IPHONEOS_DEPLOYMENT_TARGET = 16.4;
				MTL_ENABLE_DEBUG_INFO = NO;
				MTL_FAST_MATH = YES;
				SDKROOT = iphoneos;
				SWIFT_COMPILATION_MODE = wholemodule;
				SWIFT_OPTIMIZATION_LEVEL = "-O";
				VALIDATE_PRODUCT = YES;
			};
			name = Release;
		};
		31A29EB52A54951600AA9F43 /* Debug */ = {
			isa = XCBuildConfiguration;
			buildSettings = {
				ASSETCATALOG_COMPILER_APPICON_NAME = AppIcon;
				ASSETCATALOG_COMPILER_GLOBAL_ACCENT_COLOR_NAME = AccentColor;
				CODE_SIGN_STYLE = Automatic;
				CURRENT_PROJECT_VERSION = 1;
				GENERATE_INFOPLIST_FILE = YES;
				INFOPLIST_FILE = "iOS10-HW14-AntonIsakov/Resourses/Info.plist";
				INFOPLIST_KEY_UIApplicationSupportsIndirectInputEvents = YES;
				INFOPLIST_KEY_UILaunchStoryboardName = LaunchScreen;
				INFOPLIST_KEY_UISupportedInterfaceOrientations_iPad = "UIInterfaceOrientationPortrait UIInterfaceOrientationPortraitUpsideDown UIInterfaceOrientationLandscapeLeft UIInterfaceOrientationLandscapeRight";
				INFOPLIST_KEY_UISupportedInterfaceOrientations_iPhone = "UIInterfaceOrientationPortrait UIInterfaceOrientationLandscapeLeft UIInterfaceOrientationLandscapeRight";
				LD_RUNPATH_SEARCH_PATHS = (
					"$(inherited)",
					"@executable_path/Frameworks",
				);
				MARKETING_VERSION = 1.0;
				PRODUCT_BUNDLE_IDENTIFIER = "com.xxahtoxaxx2015-.iOS10-HW14-AntonIsakov";
				PRODUCT_NAME = "$(TARGET_NAME)";
				SWIFT_EMIT_LOC_STRINGS = YES;
				SWIFT_VERSION = 5.0;
				TARGETED_DEVICE_FAMILY = "1,2";
			};
			name = Debug;
		};
		31A29EB62A54951600AA9F43 /* Release */ = {
			isa = XCBuildConfiguration;
			buildSettings = {
				ASSETCATALOG_COMPILER_APPICON_NAME = AppIcon;
				ASSETCATALOG_COMPILER_GLOBAL_ACCENT_COLOR_NAME = AccentColor;
				CODE_SIGN_STYLE = Automatic;
				CURRENT_PROJECT_VERSION = 1;
				GENERATE_INFOPLIST_FILE = YES;
				INFOPLIST_FILE = "iOS10-HW14-AntonIsakov/Resourses/Info.plist";
				INFOPLIST_KEY_UIApplicationSupportsIndirectInputEvents = YES;
				INFOPLIST_KEY_UILaunchStoryboardName = LaunchScreen;
				INFOPLIST_KEY_UISupportedInterfaceOrientations_iPad = "UIInterfaceOrientationPortrait UIInterfaceOrientationPortraitUpsideDown UIInterfaceOrientationLandscapeLeft UIInterfaceOrientationLandscapeRight";
				INFOPLIST_KEY_UISupportedInterfaceOrientations_iPhone = "UIInterfaceOrientationPortrait UIInterfaceOrientationLandscapeLeft UIInterfaceOrientationLandscapeRight";
				LD_RUNPATH_SEARCH_PATHS = (
					"$(inherited)",
					"@executable_path/Frameworks",
				);
				MARKETING_VERSION = 1.0;
				PRODUCT_BUNDLE_IDENTIFIER = "com.xxahtoxaxx2015-.iOS10-HW14-AntonIsakov";
				PRODUCT_NAME = "$(TARGET_NAME)";
				SWIFT_EMIT_LOC_STRINGS = YES;
				SWIFT_VERSION = 5.0;
				TARGETED_DEVICE_FAMILY = "1,2";
			};
			name = Release;
		};
/* End XCBuildConfiguration section */

/* Begin XCConfigurationList section */
		31A29E9B2A54951400AA9F43 /* Build configuration list for PBXProject "iOS10-HW14-AntonIsakov" */ = {
			isa = XCConfigurationList;
			buildConfigurations = (
				31A29EB22A54951600AA9F43 /* Debug */,
				31A29EB32A54951600AA9F43 /* Release */,
			);
			defaultConfigurationIsVisible = 0;
			defaultConfigurationName = Release;
		};
		31A29EB42A54951600AA9F43 /* Build configuration list for PBXNativeTarget "iOS10-HW14-AntonIsakov" */ = {
			isa = XCConfigurationList;
			buildConfigurations = (
				31A29EB52A54951600AA9F43 /* Debug */,
				31A29EB62A54951600AA9F43 /* Release */,
			);
			defaultConfigurationIsVisible = 0;
			defaultConfigurationName = Release;
		};
/* End XCConfigurationList section */
	};
	rootObject = 31A29E982A54951400AA9F43 /* Project object */;
}
